
Microsoft Visual Studio Solution File, Format Version 12.00
# Visual Studio Version 17
VisualStudioVersion = 17.11.35219.272
MinimumVisualStudioVersion = 10.0.40219.1
Project("{FAE04EC0-301F-11D3-BF4B-00C04F79EFBC}") = "VAS_Api", "VAS_Api\VAS_Api.csproj", "{525080C5-081D-4559-A5C4-743301B4D288}"
EndProject
Global
	GlobalSection(SolutionConfigurationPlatforms) = preSolution
		Debug|Any CPU = Debug|Any CPU
		Release|Any CPU = Release|Any CPU
	EndGlobalSection
	GlobalSection(ProjectConfigurationPlatforms) = postSolution
		{525080C5-081D-4559-A5C4-743301B4D288}.Debug|Any CPU.ActiveCfg = Debug|Any CPU
		{525080C5-081D-4559-A5C4-743301B4D288}.Debug|Any CPU.Build.0 = Debug|Any CPU
		{525080C5-081D-4559-A5C4-743301B4D288}.Release|Any CPU.ActiveCfg = Release|Any CPU
		{525080C5-081D-4559-A5C4-743301B4D288}.Release|Any CPU.Build.0 = Release|Any CPU
	EndGlobalSection
	GlobalSection(SolutionProperties) = preSolution
		HideSolutionNode = FALSE
	EndGlobalSection
	GlobalSection(ExtensibilityGlobals) = postSolution
		SolutionGuid = {531DBD8D-04AC-4968-BF69-67C918C5552E}
	EndGlobalSection
EndGlobal
